
Microsoft Visual Studio Solution File, Format Version 12.00
# Visual Studio Version 17
VisualStudioVersion = 17.9.34728.123
MinimumVisualStudioVersion = 10.0.40219.1
Project("{FAE04EC0-301F-11D3-BF4B-00C04F79EFBC}") = "ColorOasisSystem", "ColorOasisSystem.csproj", "{7184681D-140A-4BA9-A45E-EFBAFE64D487}"
	ProjectSection(ProjectDependencies) = postProject
		{0B938A4E-1D93-4749-BA64-13178B5CC586} = {0B938A4E-1D93-4749-BA64-13178B5CC586}
	EndProjectSection
EndProject
Project("{FAE04EC0-301F-11D3-BF4B-00C04F79EFBC}") = "ColorOasisSystemWeb", "..\ColorOasisSystemWeb\ColorOasisSystemWeb.csproj", "{0B938A4E-1D93-4749-BA64-13178B5CC586}"
EndProject
Global
	GlobalSection(SolutionConfigurationPlatforms) = preSolution
		Debug|Any CPU = Debug|Any CPU
		Release|Any CPU = Release|Any CPU
	EndGlobalSection
	GlobalSection(ProjectConfigurationPlatforms) = postSolution
		{7184681D-140A-4BA9-A45E-EFBAFE64D487}.Debug|Any CPU.ActiveCfg = Debug|Any CPU
		{7184681D-140A-4BA9-A45E-EFBAFE64D487}.Debug|Any CPU.Build.0 = Debug|Any CPU
		{7184681D-140A-4BA9-A45E-EFBAFE64D487}.Release|Any CPU.ActiveCfg = Release|Any CPU
		{7184681D-140A-4BA9-A45E-EFBAFE64D487}.Release|Any CPU.Build.0 = Release|Any CPU
		{0B938A4E-1D93-4749-BA64-13178B5CC586}.Debug|Any CPU.ActiveCfg = Debug|Any CPU
		{0B938A4E-1D93-4749-BA64-13178B5CC586}.Debug|Any CPU.Build.0 = Debug|Any CPU
		{0B938A4E-1D93-4749-BA64-13178B5CC586}.Release|Any CPU.ActiveCfg = Release|Any CPU
		{0B938A4E-1D93-4749-BA64-13178B5CC586}.Release|Any CPU.Build.0 = Release|Any CPU
	EndGlobalSection
	GlobalSection(SolutionProperties) = preSolution
		HideSolutionNode = FALSE
	EndGlobalSection
	GlobalSection(ExtensibilityGlobals) = postSolution
		SolutionGuid = {EEC8F3B3-5362-4437-819C-AD802F4F1A73}
	EndGlobalSection
EndGlobal
